// !$*UTF8*$!
{
	archiveVersion = 1;
	classes = {
	};
	objectVersion = 56;
	objects = {

/* Begin PBXBuildFile section */
		334827C02BD05661006864D5 /* TextView.swift in Sources */ = {isa = PBXBuildFile; fileRef = 334827BF2BD05661006864D5 /* TextView.swift */; };
		33B610E92BC5E037003DC930 /* Bifurcation_DiagramApp.swift in Sources */ = {isa = PBXBuildFile; fileRef = 33B610E82BC5E037003DC930 /* Bifurcation_DiagramApp.swift */; };
		33B610EB2BC5E037003DC930 /* ContentView.swift in Sources */ = {isa = PBXBuildFile; fileRef = 33B610EA2BC5E037003DC930 /* ContentView.swift */; };
		33B610ED2BC5E039003DC930 /* Assets.xcassets in Resources */ = {isa = PBXBuildFile; fileRef = 33B610EC2BC5E039003DC930 /* Assets.xcassets */; };
		33B610F12BC5E039003DC930 /* Preview Assets.xcassets in Resources */ = {isa = PBXBuildFile; fileRef = 33B610F02BC5E039003DC930 /* Preview Assets.xcassets */; };
		33B610FB2BC5E039003DC930 /* Bifurcation_DiagramTests.swift in Sources */ = {isa = PBXBuildFile; fileRef = 33B610FA2BC5E039003DC930 /* Bifurcation_DiagramTests.swift */; };
		33B611052BC5E039003DC930 /* Bifurcation_DiagramUITests.swift in Sources */ = {isa = PBXBuildFile; fileRef = 33B611042BC5E039003DC930 /* Bifurcation_DiagramUITests.swift */; };
		33B611072BC5E039003DC930 /* Bifurcation_DiagramUITestsLaunchTests.swift in Sources */ = {isa = PBXBuildFile; fileRef = 33B611062BC5E039003DC930 /* Bifurcation_DiagramUITestsLaunchTests.swift */; };
		33B611142BC5E084003DC930 /* CalculatePlotData.swift in Sources */ = {isa = PBXBuildFile; fileRef = 33B611132BC5E084003DC930 /* CalculatePlotData.swift */; };
		33B611162BC5E091003DC930 /* ChangingPlotParameters.swift in Sources */ = {isa = PBXBuildFile; fileRef = 33B611152BC5E091003DC930 /* ChangingPlotParameters.swift */; };
		33B611182BC5E0A3003DC930 /* PlotDataStruct.swift in Sources */ = {isa = PBXBuildFile; fileRef = 33B611172BC5E0A3003DC930 /* PlotDataStruct.swift */; };
		33B6111C2BC5E0CA003DC930 /* PlotDataClass.swift in Sources */ = {isa = PBXBuildFile; fileRef = 33B6111B2BC5E0CA003DC930 /* PlotDataClass.swift */; };
		33B6111E2BC5E0D4003DC930 /* PlotClass.swift in Sources */ = {isa = PBXBuildFile; fileRef = 33B6111D2BC5E0D4003DC930 /* PlotClass.swift */; };
		90D13E412BD2D4CB0049348C /* PlotPoint.swift in Sources */ = {isa = PBXBuildFile; fileRef = 90D13E402BD2D4CB0049348C /* PlotPoint.swift */; };
/* End PBXBuildFile section */

/* Begin PBXContainerItemProxy section */
		33B610F72BC5E039003DC930 /* PBXContainerItemProxy */ = {
			isa = PBXContainerItemProxy;
			containerPortal = 33B610DD2BC5E037003DC930 /* Project object */;
			proxyType = 1;
			remoteGlobalIDString = 33B610E42BC5E037003DC930;
			remoteInfo = "Bifurcation Diagram";
		};
		33B611012BC5E039003DC930 /* PBXContainerItemProxy */ = {
			isa = PBXContainerItemProxy;
			containerPortal = 33B610DD2BC5E037003DC930 /* Project object */;
			proxyType = 1;
			remoteGlobalIDString = 33B610E42BC5E037003DC930;
			remoteInfo = "Bifurcation Diagram";
		};
/* End PBXContainerItemProxy section */

/* Begin PBXFileReference section */
		334827BF2BD05661006864D5 /* TextView.swift */ = {isa = PBXFileReference; lastKnownFileType = sourcecode.swift; path = TextView.swift; sourceTree = "<group>"; };
		33B610E52BC5E037003DC930 /* Bifurcation Diagram.app */ = {isa = PBXFileReference; explicitFileType = wrapper.application; includeInIndex = 0; path = "Bifurcation Diagram.app"; sourceTree = BUILT_PRODUCTS_DIR; };
		33B610E82BC5E037003DC930 /* Bifurcation_DiagramApp.swift */ = {isa = PBXFileReference; lastKnownFileType = sourcecode.swift; path = Bifurcation_DiagramApp.swift; sourceTree = "<group>"; };
		33B610EA2BC5E037003DC930 /* ContentView.swift */ = {isa = PBXFileReference; lastKnownFileType = sourcecode.swift; path = ContentView.swift; sourceTree = "<group>"; };
		33B610EC2BC5E039003DC930 /* Assets.xcassets */ = {isa = PBXFileReference; lastKnownFileType = folder.assetcatalog; path = Assets.xcassets; sourceTree = "<group>"; };
		33B610EE2BC5E039003DC930 /* Bifurcation_Diagram.entitlements */ = {isa = PBXFileReference; lastKnownFileType = text.plist.entitlements; path = Bifurcation_Diagram.entitlements; sourceTree = "<group>"; };
		33B610F02BC5E039003DC930 /* Preview Assets.xcassets */ = {isa = PBXFileReference; lastKnownFileType = folder.assetcatalog; path = "Preview Assets.xcassets"; sourceTree = "<group>"; };
		33B610F62BC5E039003DC930 /* Bifurcation DiagramTests.xctest */ = {isa = PBXFileReference; explicitFileType = wrapper.cfbundle; includeInIndex = 0; path = "Bifurcation DiagramTests.xctest"; sourceTree = BUILT_PRODUCTS_DIR; };
		33B610FA2BC5E039003DC930 /* Bifurcation_DiagramTests.swift */ = {isa = PBXFileReference; lastKnownFileType = sourcecode.swift; path = Bifurcation_DiagramTests.swift; sourceTree = "<group>"; };
		33B611002BC5E039003DC930 /* Bifurcation DiagramUITests.xctest */ = {isa = PBXFileReference; explicitFileType = wrapper.cfbundle; includeInIndex = 0; path = "Bifurcation DiagramUITests.xctest"; sourceTree = BUILT_PRODUCTS_DIR; };
		33B611042BC5E039003DC930 /* Bifurcation_DiagramUITests.swift */ = {isa = PBXFileReference; lastKnownFileType = sourcecode.swift; path = Bifurcation_DiagramUITests.swift; sourceTree = "<group>"; };
		33B611062BC5E039003DC930 /* Bifurcation_DiagramUITestsLaunchTests.swift */ = {isa = PBXFileReference; lastKnownFileType = sourcecode.swift; path = Bifurcation_DiagramUITestsLaunchTests.swift; sourceTree = "<group>"; };
		33B611132BC5E084003DC930 /* CalculatePlotData.swift */ = {isa = PBXFileReference; lastKnownFileType = sourcecode.swift; path = CalculatePlotData.swift; sourceTree = "<group>"; };
		33B611152BC5E091003DC930 /* ChangingPlotParameters.swift */ = {isa = PBXFileReference; lastKnownFileType = sourcecode.swift; path = ChangingPlotParameters.swift; sourceTree = "<group>"; };
		33B611172BC5E0A3003DC930 /* PlotDataStruct.swift */ = {isa = PBXFileReference; lastKnownFileType = sourcecode.swift; path = PlotDataStruct.swift; sourceTree = "<group>"; };
		33B6111B2BC5E0CA003DC930 /* PlotDataClass.swift */ = {isa = PBXFileReference; lastKnownFileType = sourcecode.swift; path = PlotDataClass.swift; sourceTree = "<group>"; };
		33B6111D2BC5E0D4003DC930 /* PlotClass.swift */ = {isa = PBXFileReference; lastKnownFileType = sourcecode.swift; path = PlotClass.swift; sourceTree = "<group>"; };
		90D13E402BD2D4CB0049348C /* PlotPoint.swift */ = {isa = PBXFileReference; lastKnownFileType = sourcecode.swift; path = PlotPoint.swift; sourceTree = "<group>"; };
/* End PBXFileReference section */

/* Begin PBXFrameworksBuildPhase section */
		33B610E22BC5E037003DC930 /* Frameworks */ = {
			isa = PBXFrameworksBuildPhase;
			buildActionMask = 2147483647;
			files = (
			);
			runOnlyForDeploymentPostprocessing = 0;
		};
		33B610F32BC5E039003DC930 /* Frameworks */ = {
			isa = PBXFrameworksBuildPhase;
			buildActionMask = 2147483647;
			files = (
			);
			runOnlyForDeploymentPostprocessing = 0;
		};
		33B610FD2BC5E039003DC930 /* Frameworks */ = {
			isa = PBXFrameworksBuildPhase;
			buildActionMask = 2147483647;
			files = (
			);
			runOnlyForDeploymentPostprocessing = 0;
		};
/* End PBXFrameworksBuildPhase section */

/* Begin PBXGroup section */
		33B610DC2BC5E037003DC930 = {
			isa = PBXGroup;
			children = (
				33B610E72BC5E037003DC930 /* Bifurcation Diagram */,
				33B610F92BC5E039003DC930 /* Bifurcation DiagramTests */,
				33B611032BC5E039003DC930 /* Bifurcation DiagramUITests */,
				33B610E62BC5E037003DC930 /* Products */,
			);
			sourceTree = "<group>";
		};
		33B610E62BC5E037003DC930 /* Products */ = {
			isa = PBXGroup;
			children = (
				33B610E52BC5E037003DC930 /* Bifurcation Diagram.app */,
				33B610F62BC5E039003DC930 /* Bifurcation DiagramTests.xctest */,
				33B611002BC5E039003DC930 /* Bifurcation DiagramUITests.xctest */,
			);
			name = Products;
			sourceTree = "<group>";
		};
		33B610E72BC5E037003DC930 /* Bifurcation Diagram */ = {
			isa = PBXGroup;
			children = (
				33B610E82BC5E037003DC930 /* Bifurcation_DiagramApp.swift */,
				33B610EA2BC5E037003DC930 /* ContentView.swift */,
				33B611132BC5E084003DC930 /* CalculatePlotData.swift */,
				33B611152BC5E091003DC930 /* ChangingPlotParameters.swift */,
				33B611172BC5E0A3003DC930 /* PlotDataStruct.swift */,
				33B6111B2BC5E0CA003DC930 /* PlotDataClass.swift */,
				33B6111D2BC5E0D4003DC930 /* PlotClass.swift */,
				334827BF2BD05661006864D5 /* TextView.swift */,
				90D13E402BD2D4CB0049348C /* PlotPoint.swift */,
				33B610EC2BC5E039003DC930 /* Assets.xcassets */,
				33B610EE2BC5E039003DC930 /* Bifurcation_Diagram.entitlements */,
				33B610EF2BC5E039003DC930 /* Preview Content */,
			);
			path = "Bifurcation Diagram";
			sourceTree = "<group>";
		};
		33B610EF2BC5E039003DC930 /* Preview Content */ = {
			isa = PBXGroup;
			children = (
				33B610F02BC5E039003DC930 /* Preview Assets.xcassets */,
			);
			path = "Preview Content";
			sourceTree = "<group>";
		};
		33B610F92BC5E039003DC930 /* Bifurcation DiagramTests */ = {
			isa = PBXGroup;
			children = (
				33B610FA2BC5E039003DC930 /* Bifurcation_DiagramTests.swift */,
			);
			path = "Bifurcation DiagramTests";
			sourceTree = "<group>";
		};
		33B611032BC5E039003DC930 /* Bifurcation DiagramUITests */ = {
			isa = PBXGroup;
			children = (
				33B611042BC5E039003DC930 /* Bifurcation_DiagramUITests.swift */,
				33B611062BC5E039003DC930 /* Bifurcation_DiagramUITestsLaunchTests.swift */,
			);
			path = "Bifurcation DiagramUITests";
			sourceTree = "<group>";
		};
/* End PBXGroup section */

/* Begin PBXNativeTarget section */
		33B610E42BC5E037003DC930 /* Bifurcation Diagram */ = {
			isa = PBXNativeTarget;
			buildConfigurationList = 33B6110A2BC5E039003DC930 /* Build configuration list for PBXNativeTarget "Bifurcation Diagram" */;
			buildPhases = (
				33B610E12BC5E037003DC930 /* Sources */,
				33B610E22BC5E037003DC930 /* Frameworks */,
				33B610E32BC5E037003DC930 /* Resources */,
			);
			buildRules = (
			);
			dependencies = (
			);
			name = "Bifurcation Diagram";
			productName = "Bifurcation Diagram";
			productReference = 33B610E52BC5E037003DC930 /* Bifurcation Diagram.app */;
			productType = "com.apple.product-type.application";
		};
		33B610F52BC5E039003DC930 /* Bifurcation DiagramTests */ = {
			isa = PBXNativeTarget;
			buildConfigurationList = 33B6110D2BC5E039003DC930 /* Build configuration list for PBXNativeTarget "Bifurcation DiagramTests" */;
			buildPhases = (
				33B610F22BC5E039003DC930 /* Sources */,
				33B610F32BC5E039003DC930 /* Frameworks */,
				33B610F42BC5E039003DC930 /* Resources */,
			);
			buildRules = (
			);
			dependencies = (
				33B610F82BC5E039003DC930 /* PBXTargetDependency */,
			);
			name = "Bifurcation DiagramTests";
			productName = "Bifurcation DiagramTests";
			productReference = 33B610F62BC5E039003DC930 /* Bifurcation DiagramTests.xctest */;
			productType = "com.apple.product-type.bundle.unit-test";
		};
		33B610FF2BC5E039003DC930 /* Bifurcation DiagramUITests */ = {
			isa = PBXNativeTarget;
			buildConfigurationList = 33B611102BC5E039003DC930 /* Build configuration list for PBXNativeTarget "Bifurcation DiagramUITests" */;
			buildPhases = (
				33B610FC2BC5E039003DC930 /* Sources */,
				33B610FD2BC5E039003DC930 /* Frameworks */,
				33B610FE2BC5E039003DC930 /* Resources */,
			);
			buildRules = (
			);
			dependencies = (
				33B611022BC5E039003DC930 /* PBXTargetDependency */,
			);
			name = "Bifurcation DiagramUITests";
			productName = "Bifurcation DiagramUITests";
			productReference = 33B611002BC5E039003DC930 /* Bifurcation DiagramUITests.xctest */;
			productType = "com.apple.product-type.bundle.ui-testing";
		};
/* End PBXNativeTarget section */

/* Begin PBXProject section */
		33B610DD2BC5E037003DC930 /* Project object */ = {
			isa = PBXProject;
			attributes = {
				BuildIndependentTargetsInParallel = 1;
				LastSwiftUpdateCheck = 1520;
				LastUpgradeCheck = 1520;
				TargetAttributes = {
					33B610E42BC5E037003DC930 = {
						CreatedOnToolsVersion = 15.2;
					};
					33B610F52BC5E039003DC930 = {
						CreatedOnToolsVersion = 15.2;
						TestTargetID = 33B610E42BC5E037003DC930;
					};
					33B610FF2BC5E039003DC930 = {
						CreatedOnToolsVersion = 15.2;
						TestTargetID = 33B610E42BC5E037003DC930;
					};
				};
			};
			buildConfigurationList = 33B610E02BC5E037003DC930 /* Build configuration list for PBXProject "Bifurcation Diagram" */;
			compatibilityVersion = "Xcode 14.0";
			developmentRegion = en;
			hasScannedForEncodings = 0;
			knownRegions = (
				en,
				Base,
			);
			mainGroup = 33B610DC2BC5E037003DC930;
			productRefGroup = 33B610E62BC5E037003DC930 /* Products */;
			projectDirPath = "";
			projectRoot = "";
			targets = (
				33B610E42BC5E037003DC930 /* Bifurcation Diagram */,
				33B610F52BC5E039003DC930 /* Bifurcation DiagramTests */,
				33B610FF2BC5E039003DC930 /* Bifurcation DiagramUITests */,
			);
		};
/* End PBXProject section */

/* Begin PBXResourcesBuildPhase section */
		33B610E32BC5E037003DC930 /* Resources */ = {
			isa = PBXResourcesBuildPhase;
			buildActionMask = 2147483647;
			files = (
				33B610F12BC5E039003DC930 /* Preview Assets.xcassets in Resources */,
				33B610ED2BC5E039003DC930 /* Assets.xcassets in Resources */,
			);
			runOnlyForDeploymentPostprocessing = 0;
		};
		33B610F42BC5E039003DC930 /* Resources */ = {
			isa = PBXResourcesBuildPhase;
			buildActionMask = 2147483647;
			files = (
			);
			runOnlyForDeploymentPostprocessing = 0;
		};
		33B610FE2BC5E039003DC930 /* Resources */ = {
			isa = PBXResourcesBuildPhase;
			buildActionMask = 2147483647;
			files = (
			);
			runOnlyForDeploymentPostprocessing = 0;
		};
/* End PBXResourcesBuildPhase section */

/* Begin PBXSourcesBuildPhase section */
		33B610E12BC5E037003DC930 /* Sources */ = {
			isa = PBXSourcesBuildPhase;
			buildActionMask = 2147483647;
			files = (
				33B610EB2BC5E037003DC930 /* ContentView.swift in Sources */,
				90D13E412BD2D4CB0049348C /* PlotPoint.swift in Sources */,
				33B6111E2BC5E0D4003DC930 /* PlotClass.swift in Sources */,
				33B6111C2BC5E0CA003DC930 /* PlotDataClass.swift in Sources */,
				33B611162BC5E091003DC930 /* ChangingPlotParameters.swift in Sources */,
				33B611142BC5E084003DC930 /* CalculatePlotData.swift in Sources */,
				334827C02BD05661006864D5 /* TextView.swift in Sources */,
				33B611182BC5E0A3003DC930 /* PlotDataStruct.swift in Sources */,
				33B610E92BC5E037003DC930 /* Bifurcation_DiagramApp.swift in Sources */,
			);
			runOnlyForDeploymentPostprocessing = 0;
		};
		33B610F22BC5E039003DC930 /* Sources */ = {
			isa = PBXSourcesBuildPhase;
			buildActionMask = 2147483647;
			files = (
				33B610FB2BC5E039003DC930 /* Bifurcation_DiagramTests.swift in Sources */,
			);
			runOnlyForDeploymentPostprocessing = 0;
		};
		33B610FC2BC5E039003DC930 /* Sources */ = {
			isa = PBXSourcesBuildPhase;
			buildActionMask = 2147483647;
			files = (
				33B611052BC5E039003DC930 /* Bifurcation_DiagramUITests.swift in Sources */,
				33B611072BC5E039003DC930 /* Bifurcation_DiagramUITestsLaunchTests.swift in Sources */,
			);
			runOnlyForDeploymentPostprocessing = 0;
		};
/* End PBXSourcesBuildPhase section */

/* Begin PBXTargetDependency section */
		33B610F82BC5E039003DC930 /* PBXTargetDependency */ = {
			isa = PBXTargetDependency;
			target = 33B610E42BC5E037003DC930 /* Bifurcation Diagram */;
			targetProxy = 33B610F72BC5E039003DC930 /* PBXContainerItemProxy */;
		};
		33B611022BC5E039003DC930 /* PBXTargetDependency */ = {
			isa = PBXTargetDependency;
			target = 33B610E42BC5E037003DC930 /* Bifurcation Diagram */;
			targetProxy = 33B611012BC5E039003DC930 /* PBXContainerItemProxy */;
		};
/* End PBXTargetDependency section */

/* Begin XCBuildConfiguration section */
		33B611082BC5E039003DC930 /* Debug */ = {
			isa = XCBuildConfiguration;
			buildSettings = {
				ALWAYS_SEARCH_USER_PATHS = NO;
				ASSETCATALOG_COMPILER_GENERATE_SWIFT_ASSET_SYMBOL_EXTENSIONS = YES;
				CLANG_ANALYZER_NONNULL = YES;
				CLANG_ANALYZER_NUMBER_OBJECT_CONVERSION = YES_AGGRESSIVE;
				CLANG_CXX_LANGUAGE_STANDARD = "gnu++20";
				CLANG_ENABLE_MODULES = YES;
				CLANG_ENABLE_OBJC_ARC = YES;
				CLANG_ENABLE_OBJC_WEAK = YES;
				CLANG_WARN_BLOCK_CAPTURE_AUTORELEASING = YES;
				CLANG_WARN_BOOL_CONVERSION = YES;
				CLANG_WARN_COMMA = YES;
				CLANG_WARN_CONSTANT_CONVERSION = YES;
				CLANG_WARN_DEPRECATED_OBJC_IMPLEMENTATIONS = YES;
				CLANG_WARN_DIRECT_OBJC_ISA_USAGE = YES_ERROR;
				CLANG_WARN_DOCUMENTATION_COMMENTS = YES;
				CLANG_WARN_EMPTY_BODY = YES;
				CLANG_WARN_ENUM_CONVERSION = YES;
				CLANG_WARN_INFINITE_RECURSION = YES;
				CLANG_WARN_INT_CONVERSION = YES;
				CLANG_WARN_NON_LITERAL_NULL_CONVERSION = YES;
				CLANG_WARN_OBJC_IMPLICIT_RETAIN_SELF = YES;
				CLANG_WARN_OBJC_LITERAL_CONVERSION = YES;
				CLANG_WARN_OBJC_ROOT_CLASS = YES_ERROR;
				CLANG_WARN_QUOTED_INCLUDE_IN_FRAMEWORK_HEADER = YES;
				CLANG_WARN_RANGE_LOOP_ANALYSIS = YES;
				CLANG_WARN_STRICT_PROTOTYPES = YES;
				CLANG_WARN_SUSPICIOUS_MOVE = YES;
				CLANG_WARN_UNGUARDED_AVAILABILITY = YES_AGGRESSIVE;
				CLANG_WARN_UNREACHABLE_CODE = YES;
				CLANG_WARN__DUPLICATE_METHOD_MATCH = YES;
				COPY_PHASE_STRIP = NO;
				DEBUG_INFORMATION_FORMAT = dwarf;
				ENABLE_STRICT_OBJC_MSGSEND = YES;
				ENABLE_TESTABILITY = YES;
				ENABLE_USER_SCRIPT_SANDBOXING = YES;
				GCC_C_LANGUAGE_STANDARD = gnu17;
				GCC_DYNAMIC_NO_PIC = NO;
				GCC_NO_COMMON_BLOCKS = YES;
				GCC_OPTIMIZATION_LEVEL = 0;
				GCC_PREPROCESSOR_DEFINITIONS = (
					"DEBUG=1",
					"$(inherited)",
				);
				GCC_WARN_64_TO_32_BIT_CONVERSION = YES;
				GCC_WARN_ABOUT_RETURN_TYPE = YES_ERROR;
				GCC_WARN_UNDECLARED_SELECTOR = YES;
				GCC_WARN_UNINITIALIZED_AUTOS = YES_AGGRESSIVE;
				GCC_WARN_UNUSED_FUNCTION = YES;
				GCC_WARN_UNUSED_VARIABLE = YES;
				LOCALIZATION_PREFERS_STRING_CATALOGS = YES;
				MTL_ENABLE_DEBUG_INFO = INCLUDE_SOURCE;
				MTL_FAST_MATH = YES;
				ONLY_ACTIVE_ARCH = YES;
				SWIFT_ACTIVE_COMPILATION_CONDITIONS = "DEBUG $(inherited)";
				SWIFT_OPTIMIZATION_LEVEL = "-Onone";
			};
			name = Debug;
		};
		33B611092BC5E039003DC930 /* Release */ = {
			isa = XCBuildConfiguration;
			buildSettings = {
				ALWAYS_SEARCH_USER_PATHS = NO;
				ASSETCATALOG_COMPILER_GENERATE_SWIFT_ASSET_SYMBOL_EXTENSIONS = YES;
				CLANG_ANALYZER_NONNULL = YES;
				CLANG_ANALYZER_NUMBER_OBJECT_CONVERSION = YES_AGGRESSIVE;
				CLANG_CXX_LANGUAGE_STANDARD = "gnu++20";
				CLANG_ENABLE_MODULES = YES;
				CLANG_ENABLE_OBJC_ARC = YES;
				CLANG_ENABLE_OBJC_WEAK = YES;
				CLANG_WARN_BLOCK_CAPTURE_AUTORELEASING = YES;
				CLANG_WARN_BOOL_CONVERSION = YES;
				CLANG_WARN_COMMA = YES;
				CLANG_WARN_CONSTANT_CONVERSION = YES;
				CLANG_WARN_DEPRECATED_OBJC_IMPLEMENTATIONS = YES;
				CLANG_WARN_DIRECT_OBJC_ISA_USAGE = YES_ERROR;
				CLANG_WARN_DOCUMENTATION_COMMENTS = YES;
				CLANG_WARN_EMPTY_BODY = YES;
				CLANG_WARN_ENUM_CONVERSION = YES;
				CLANG_WARN_INFINITE_RECURSION = YES;
				CLANG_WARN_INT_CONVERSION = YES;
				CLANG_WARN_NON_LITERAL_NULL_CONVERSION = YES;
				CLANG_WARN_OBJC_IMPLICIT_RETAIN_SELF = YES;
				CLANG_WARN_OBJC_LITERAL_CONVERSION = YES;
				CLANG_WARN_OBJC_ROOT_CLASS = YES_ERROR;
				CLANG_WARN_QUOTED_INCLUDE_IN_FRAMEWORK_HEADER = YES;
				CLANG_WARN_RANGE_LOOP_ANALYSIS = YES;
				CLANG_WARN_STRICT_PROTOTYPES = YES;
				CLANG_WARN_SUSPICIOUS_MOVE = YES;
				CLANG_WARN_UNGUARDED_AVAILABILITY = YES_AGGRESSIVE;
				CLANG_WARN_UNREACHABLE_CODE = YES;
				CLANG_WARN__DUPLICATE_METHOD_MATCH = YES;
				COPY_PHASE_STRIP = NO;
				DEBUG_INFORMATION_FORMAT = "dwarf-with-dsym";
				ENABLE_NS_ASSERTIONS = NO;
				ENABLE_STRICT_OBJC_MSGSEND = YES;
				ENABLE_USER_SCRIPT_SANDBOXING = YES;
				GCC_C_LANGUAGE_STANDARD = gnu17;
				GCC_NO_COMMON_BLOCKS = YES;
				GCC_WARN_64_TO_32_BIT_CONVERSION = YES;
				GCC_WARN_ABOUT_RETURN_TYPE = YES_ERROR;
				GCC_WARN_UNDECLARED_SELECTOR = YES;
				GCC_WARN_UNINITIALIZED_AUTOS = YES_AGGRESSIVE;
				GCC_WARN_UNUSED_FUNCTION = YES;
				GCC_WARN_UNUSED_VARIABLE = YES;
				LOCALIZATION_PREFERS_STRING_CATALOGS = YES;
				MTL_ENABLE_DEBUG_INFO = NO;
				MTL_FAST_MATH = YES;
				SWIFT_COMPILATION_MODE = wholemodule;
			};
			name = Release;
		};
		33B6110B2BC5E039003DC930 /* Debug */ = {
			isa = XCBuildConfiguration;
			buildSettings = {
				ASSETCATALOG_COMPILER_APPICON_NAME = AppIcon;
				ASSETCATALOG_COMPILER_GLOBAL_ACCENT_COLOR_NAME = AccentColor;
				CODE_SIGN_ENTITLEMENTS = "Bifurcation Diagram/Bifurcation_Diagram.entitlements";
				CODE_SIGN_STYLE = Automatic;
				CURRENT_PROJECT_VERSION = 1;
				DEVELOPMENT_ASSET_PATHS = "\"Bifurcation Diagram/Preview Content\"";
				ENABLE_PREVIEWS = YES;
				GENERATE_INFOPLIST_FILE = YES;
				"INFOPLIST_KEY_UIApplicationSceneManifest_Generation[sdk=iphoneos*]" = YES;
				"INFOPLIST_KEY_UIApplicationSceneManifest_Generation[sdk=iphonesimulator*]" = YES;
				"INFOPLIST_KEY_UIApplicationSupportsIndirectInputEvents[sdk=iphoneos*]" = YES;
				"INFOPLIST_KEY_UIApplicationSupportsIndirectInputEvents[sdk=iphonesimulator*]" = YES;
				"INFOPLIST_KEY_UILaunchScreen_Generation[sdk=iphoneos*]" = YES;
				"INFOPLIST_KEY_UILaunchScreen_Generation[sdk=iphonesimulator*]" = YES;
				"INFOPLIST_KEY_UIStatusBarStyle[sdk=iphoneos*]" = UIStatusBarStyleDefault;
				"INFOPLIST_KEY_UIStatusBarStyle[sdk=iphonesimulator*]" = UIStatusBarStyleDefault;
				INFOPLIST_KEY_UISupportedInterfaceOrientations_iPad = "UIInterfaceOrientationPortrait UIInterfaceOrientationPortraitUpsideDown UIInterfaceOrientationLandscapeLeft UIInterfaceOrientationLandscapeRight";
				INFOPLIST_KEY_UISupportedInterfaceOrientations_iPhone = "UIInterfaceOrientationPortrait UIInterfaceOrientationLandscapeLeft UIInterfaceOrientationLandscapeRight";
				IPHONEOS_DEPLOYMENT_TARGET = 17.2;
				LD_RUNPATH_SEARCH_PATHS = "@executable_path/Frameworks";
				"LD_RUNPATH_SEARCH_PATHS[sdk=macosx*]" = "@executable_path/../Frameworks";
				MACOSX_DEPLOYMENT_TARGET = 14.2;
				MARKETING_VERSION = 1.0;
				PRODUCT_BUNDLE_IDENTIFIER = "Marco.Bifurcation-Diagram";
				PRODUCT_NAME = "$(TARGET_NAME)";
				SDKROOT = auto;
				SUPPORTED_PLATFORMS = "iphoneos iphonesimulator macosx";
				SWIFT_EMIT_LOC_STRINGS = YES;
				SWIFT_VERSION = 5.0;
				TARGETED_DEVICE_FAMILY = "1,2";
			};
			name = Debug;
		};
		33B6110C2BC5E039003DC930 /* Release */ = {
			isa = XCBuildConfiguration;
			buildSettings = {
				ASSETCATALOG_COMPILER_APPICON_NAME = AppIcon;
				ASSETCATALOG_COMPILER_GLOBAL_ACCENT_COLOR_NAME = AccentColor;
				CODE_SIGN_ENTITLEMENTS = "Bifurcation Diagram/Bifurcation_Diagram.entitlements";
				CODE_SIGN_STYLE = Automatic;
				CURRENT_PROJECT_VERSION = 1;
				DEVELOPMENT_ASSET_PATHS = "\"Bifurcation Diagram/Preview Content\"";
				ENABLE_PREVIEWS = YES;
				GENERATE_INFOPLIST_FILE = YES;
				"INFOPLIST_KEY_UIApplicationSceneManifest_Generation[sdk=iphoneos*]" = YES;
				"INFOPLIST_KEY_UIApplicationSceneManifest_Generation[sdk=iphonesimulator*]" = YES;
				"INFOPLIST_KEY_UIApplicationSupportsIndirectInputEvents[sdk=iphoneos*]" = YES;
				"INFOPLIST_KEY_UIApplicationSupportsIndirectInputEvents[sdk=iphonesimulator*]" = YES;
				"INFOPLIST_KEY_UILaunchScreen_Generation[sdk=iphoneos*]" = YES;
				"INFOPLIST_KEY_UILaunchScreen_Generation[sdk=iphonesimulator*]" = YES;
				"INFOPLIST_KEY_UIStatusBarStyle[sdk=iphoneos*]" = UIStatusBarStyleDefault;
				"INFOPLIST_KEY_UIStatusBarStyle[sdk=iphonesimulator*]" = UIStatusBarStyleDefault;
				INFOPLIST_KEY_UISupportedInterfaceOrientations_iPad = "UIInterfaceOrientationPortrait UIInterfaceOrientationPortraitUpsideDown UIInterfaceOrientationLandscapeLeft UIInterfaceOrientationLandscapeRight";
				INFOPLIST_KEY_UISupportedInterfaceOrientations_iPhone = "UIInterfaceOrientationPortrait UIInterfaceOrientationLandscapeLeft UIInterfaceOrientationLandscapeRight";
				IPHONEOS_DEPLOYMENT_TARGET = 17.2;
				LD_RUNPATH_SEARCH_PATHS = "@executable_path/Frameworks";
				"LD_RUNPATH_SEARCH_PATHS[sdk=macosx*]" = "@executable_path/../Frameworks";
				MACOSX_DEPLOYMENT_TARGET = 14.2;
				MARKETING_VERSION = 1.0;
				PRODUCT_BUNDLE_IDENTIFIER = "Marco.Bifurcation-Diagram";
				PRODUCT_NAME = "$(TARGET_NAME)";
				SDKROOT = auto;
				SUPPORTED_PLATFORMS = "iphoneos iphonesimulator macosx";
				SWIFT_EMIT_LOC_STRINGS = YES;
				SWIFT_VERSION = 5.0;
				TARGETED_DEVICE_FAMILY = "1,2";
			};
			name = Release;
		};
		33B6110E2BC5E039003DC930 /* Debug */ = {
			isa = XCBuildConfiguration;
			buildSettings = {
				ALWAYS_EMBED_SWIFT_STANDARD_LIBRARIES = YES;
				BUNDLE_LOADER = "$(TEST_HOST)";
				CODE_SIGN_STYLE = Automatic;
				CURRENT_PROJECT_VERSION = 1;
				GENERATE_INFOPLIST_FILE = YES;
				IPHONEOS_DEPLOYMENT_TARGET = 17.2;
				MACOSX_DEPLOYMENT_TARGET = 14.2;
				MARKETING_VERSION = 1.0;
				PRODUCT_BUNDLE_IDENTIFIER = "Marco.Bifurcation-DiagramTests";
				PRODUCT_NAME = "$(TARGET_NAME)";
				SDKROOT = auto;
				SUPPORTED_PLATFORMS = "iphoneos iphonesimulator macosx";
				SWIFT_EMIT_LOC_STRINGS = NO;
				SWIFT_VERSION = 5.0;
				TARGETED_DEVICE_FAMILY = "1,2";
				TEST_HOST = "$(BUILT_PRODUCTS_DIR)/Bifurcation Diagram.app/$(BUNDLE_EXECUTABLE_FOLDER_PATH)/Bifurcation Diagram";
			};
			name = Debug;
		};
		33B6110F2BC5E039003DC930 /* Release */ = {
			isa = XCBuildConfiguration;
			buildSettings = {
				ALWAYS_EMBED_SWIFT_STANDARD_LIBRARIES = YES;
				BUNDLE_LOADER = "$(TEST_HOST)";
				CODE_SIGN_STYLE = Automatic;
				CURRENT_PROJECT_VERSION = 1;
				GENERATE_INFOPLIST_FILE = YES;
				IPHONEOS_DEPLOYMENT_TARGET = 17.2;
				MACOSX_DEPLOYMENT_TARGET = 14.2;
				MARKETING_VERSION = 1.0;
				PRODUCT_BUNDLE_IDENTIFIER = "Marco.Bifurcation-DiagramTests";
				PRODUCT_NAME = "$(TARGET_NAME)";
				SDKROOT = auto;
				SUPPORTED_PLATFORMS = "iphoneos iphonesimulator macosx";
				SWIFT_EMIT_LOC_STRINGS = NO;
				SWIFT_VERSION = 5.0;
				TARGETED_DEVICE_FAMILY = "1,2";
				TEST_HOST = "$(BUILT_PRODUCTS_DIR)/Bifurcation Diagram.app/$(BUNDLE_EXECUTABLE_FOLDER_PATH)/Bifurcation Diagram";
			};
			name = Release;
		};
		33B611112BC5E039003DC930 /* Debug */ = {
			isa = XCBuildConfiguration;
			buildSettings = {
				ALWAYS_EMBED_SWIFT_STANDARD_LIBRARIES = YES;
				CODE_SIGN_STYLE = Automatic;
				CURRENT_PROJECT_VERSION = 1;
				GENERATE_INFOPLIST_FILE = YES;
				IPHONEOS_DEPLOYMENT_TARGET = 17.2;
				MACOSX_DEPLOYMENT_TARGET = 14.2;
				MARKETING_VERSION = 1.0;
				PRODUCT_BUNDLE_IDENTIFIER = "Marco.Bifurcation-DiagramUITests";
				PRODUCT_NAME = "$(TARGET_NAME)";
				SDKROOT = auto;
				SUPPORTED_PLATFORMS = "iphoneos iphonesimulator macosx";
				SWIFT_EMIT_LOC_STRINGS = NO;
				SWIFT_VERSION = 5.0;
				TARGETED_DEVICE_FAMILY = "1,2";
				TEST_TARGET_NAME = "Bifurcation Diagram";
			};
			name = Debug;
		};
		33B611122BC5E039003DC930 /* Release */ = {
			isa = XCBuildConfiguration;
			buildSettings = {
				ALWAYS_EMBED_SWIFT_STANDARD_LIBRARIES = YES;
				CODE_SIGN_STYLE = Automatic;
				CURRENT_PROJECT_VERSION = 1;
				GENERATE_INFOPLIST_FILE = YES;
				IPHONEOS_DEPLOYMENT_TARGET = 17.2;
				MACOSX_DEPLOYMENT_TARGET = 14.2;
				MARKETING_VERSION = 1.0;
				PRODUCT_BUNDLE_IDENTIFIER = "Marco.Bifurcation-DiagramUITests";
				PRODUCT_NAME = "$(TARGET_NAME)";
				SDKROOT = auto;
				SUPPORTED_PLATFORMS = "iphoneos iphonesimulator macosx";
				SWIFT_EMIT_LOC_STRINGS = NO;
				SWIFT_VERSION = 5.0;
				TARGETED_DEVICE_FAMILY = "1,2";
				TEST_TARGET_NAME = "Bifurcation Diagram";
			};
			name = Release;
		};
/* End XCBuildConfiguration section */

/* Begin XCConfigurationList section */
		33B610E02BC5E037003DC930 /* Build configuration list for PBXProject "Bifurcation Diagram" */ = {
			isa = XCConfigurationList;
			buildConfigurations = (
				33B611082BC5E039003DC930 /* Debug */,
				33B611092BC5E039003DC930 /* Release */,
			);
			defaultConfigurationIsVisible = 0;
			defaultConfigurationName = Release;
		};
		33B6110A2BC5E039003DC930 /* Build configuration list for PBXNativeTarget "Bifurcation Diagram" */ = {
			isa = XCConfigurationList;
			buildConfigurations = (
				33B6110B2BC5E039003DC930 /* Debug */,
				33B6110C2BC5E039003DC930 /* Release */,
			);
			defaultConfigurationIsVisible = 0;
			defaultConfigurationName = Release;
		};
		33B6110D2BC5E039003DC930 /* Build configuration list for PBXNativeTarget "Bifurcation DiagramTests" */ = {
			isa = XCConfigurationList;
			buildConfigurations = (
				33B6110E2BC5E039003DC930 /* Debug */,
				33B6110F2BC5E039003DC930 /* Release */,
			);
			defaultConfigurationIsVisible = 0;
			defaultConfigurationName = Release;
		};
		33B611102BC5E039003DC930 /* Build configuration list for PBXNativeTarget "Bifurcation DiagramUITests" */ = {
			isa = XCConfigurationList;
			buildConfigurations = (
				33B611112BC5E039003DC930 /* Debug */,
				33B611122BC5E039003DC930 /* Release */,
			);
			defaultConfigurationIsVisible = 0;
			defaultConfigurationName = Release;
		};
/* End XCConfigurationList section */
	};
	rootObject = 33B610DD2BC5E037003DC930 /* Project object */;
}
